// !$*UTF8*$!
{
	archiveVersion = 1;
	classes = {
	};
	objectVersion = 46;
	objects = {

/* Begin PBXBuildFile section */
		70762C131A0821DF005DC3AA /* AppDelegate.swift in Sources */ = {isa = PBXBuildFile; fileRef = 70762C121A0821DF005DC3AA /* AppDelegate.swift */; };
		70762C161A0821DF005DC3AA /* locationReminderApp.xcdatamodeld in Sources */ = {isa = PBXBuildFile; fileRef = 70762C141A0821DF005DC3AA /* locationReminderApp.xcdatamodeld */; };
		70762C181A0821DF005DC3AA /* ViewController.swift in Sources */ = {isa = PBXBuildFile; fileRef = 70762C171A0821DF005DC3AA /* ViewController.swift */; };
		70762C1B1A0821DF005DC3AA /* Main.storyboard in Resources */ = {isa = PBXBuildFile; fileRef = 70762C191A0821DF005DC3AA /* Main.storyboard */; };
		70762C1D1A0821DF005DC3AA /* Images.xcassets in Resources */ = {isa = PBXBuildFile; fileRef = 70762C1C1A0821DF005DC3AA /* Images.xcassets */; };
		70762C201A0821DF005DC3AA /* LaunchScreen.xib in Resources */ = {isa = PBXBuildFile; fileRef = 70762C1E1A0821DF005DC3AA /* LaunchScreen.xib */; };
		70762C2C1A0821DF005DC3AA /* locationReminderAppTests.swift in Sources */ = {isa = PBXBuildFile; fileRef = 70762C2B1A0821DF005DC3AA /* locationReminderAppTests.swift */; };
		70762C361A0821F3005DC3AA /* MapKit.framework in Frameworks */ = {isa = PBXBuildFile; fileRef = 70762C351A0821F3005DC3AA /* MapKit.framework */; };
		70762C381A082D64005DC3AA /* AddReminderViewController.swift in Sources */ = {isa = PBXBuildFile; fileRef = 70762C371A082D64005DC3AA /* AddReminderViewController.swift */; };
		70EE47DA1A098BBE007D7C3D /* Reminder.swift in Sources */ = {isa = PBXBuildFile; fileRef = 70EE47D91A098BBE007D7C3D /* Reminder.swift */; };
/* End PBXBuildFile section */

/* Begin PBXContainerItemProxy section */
		70762C261A0821DF005DC3AA /* PBXContainerItemProxy */ = {
			isa = PBXContainerItemProxy;
			containerPortal = 70762C051A0821DF005DC3AA /* Project object */;
			proxyType = 1;
			remoteGlobalIDString = 70762C0C1A0821DF005DC3AA;
			remoteInfo = locationReminderApp;
		};
/* End PBXContainerItemProxy section */

/* Begin PBXFileReference section */
		70762C0D1A0821DF005DC3AA /* locationReminderApp.app */ = {isa = PBXFileReference; explicitFileType = wrapper.application; includeInIndex = 0; path = locationReminderApp.app; sourceTree = BUILT_PRODUCTS_DIR; };
		70762C111A0821DF005DC3AA /* Info.plist */ = {isa = PBXFileReference; lastKnownFileType = text.plist.xml; path = Info.plist; sourceTree = "<group>"; };
		70762C121A0821DF005DC3AA /* AppDelegate.swift */ = {isa = PBXFileReference; lastKnownFileType = sourcecode.swift; path = AppDelegate.swift; sourceTree = "<group>"; };
		70762C151A0821DF005DC3AA /* locationReminderApp.xcdatamodel */ = {isa = PBXFileReference; lastKnownFileType = wrapper.xcdatamodel; path = locationReminderApp.xcdatamodel; sourceTree = "<group>"; };
		70762C171A0821DF005DC3AA /* ViewController.swift */ = {isa = PBXFileReference; lastKnownFileType = sourcecode.swift; path = ViewController.swift; sourceTree = "<group>"; };
		70762C1A1A0821DF005DC3AA /* Base */ = {isa = PBXFileReference; lastKnownFileType = file.storyboard; name = Base; path = Base.lproj/Main.storyboard; sourceTree = "<group>"; };
		70762C1C1A0821DF005DC3AA /* Images.xcassets */ = {isa = PBXFileReference; lastKnownFileType = folder.assetcatalog; path = Images.xcassets; sourceTree = "<group>"; };
		70762C1F1A0821DF005DC3AA /* Base */ = {isa = PBXFileReference; lastKnownFileType = file.xib; name = Base; path = Base.lproj/LaunchScreen.xib; sourceTree = "<group>"; };
		70762C251A0821DF005DC3AA /* locationReminderAppTests.xctest */ = {isa = PBXFileReference; explicitFileType = wrapper.cfbundle; includeInIndex = 0; path = locationReminderAppTests.xctest; sourceTree = BUILT_PRODUCTS_DIR; };
		70762C2A1A0821DF005DC3AA /* Info.plist */ = {isa = PBXFileReference; lastKnownFileType = text.plist.xml; path = Info.plist; sourceTree = "<group>"; };
		70762C2B1A0821DF005DC3AA /* locationReminderAppTests.swift */ = {isa = PBXFileReference; lastKnownFileType = sourcecode.swift; path = locationReminderAppTests.swift; sourceTree = "<group>"; };
		70762C351A0821F3005DC3AA /* MapKit.framework */ = {isa = PBXFileReference; lastKnownFileType = wrapper.framework; name = MapKit.framework; path = System/Library/Frameworks/MapKit.framework; sourceTree = SDKROOT; };
		70762C371A082D64005DC3AA /* AddReminderViewController.swift */ = {isa = PBXFileReference; fileEncoding = 4; lastKnownFileType = sourcecode.swift; path = AddReminderViewController.swift; sourceTree = "<group>"; };
		70EE47D91A098BBE007D7C3D /* Reminder.swift */ = {isa = PBXFileReference; fileEncoding = 4; lastKnownFileType = sourcecode.swift; path = Reminder.swift; sourceTree = SOURCE_ROOT; };
/* End PBXFileReference section */

/* Begin PBXFrameworksBuildPhase section */
		70762C0A1A0821DF005DC3AA /* Frameworks */ = {
			isa = PBXFrameworksBuildPhase;
			buildActionMask = 2147483647;
			files = (
				70762C361A0821F3005DC3AA /* MapKit.framework in Frameworks */,
			);
			runOnlyForDeploymentPostprocessing = 0;
		};
		70762C221A0821DF005DC3AA /* Frameworks */ = {
			isa = PBXFrameworksBuildPhase;
			buildActionMask = 2147483647;
			files = (
			);
			runOnlyForDeploymentPostprocessing = 0;
		};
/* End PBXFrameworksBuildPhase section */

/* Begin PBXGroup section */
		70762C041A0821DF005DC3AA = {
			isa = PBXGroup;
			children = (
				70762C351A0821F3005DC3AA /* MapKit.framework */,
				70762C0F1A0821DF005DC3AA /* locationReminderApp */,
				70762C281A0821DF005DC3AA /* locationReminderAppTests */,
				70762C0E1A0821DF005DC3AA /* Products */,
			);
			sourceTree = "<group>";
		};
		70762C0E1A0821DF005DC3AA /* Products */ = {
			isa = PBXGroup;
			children = (
				70762C0D1A0821DF005DC3AA /* locationReminderApp.app */,
				70762C251A0821DF005DC3AA /* locationReminderAppTests.xctest */,
			);
			name = Products;
			sourceTree = "<group>";
		};
		70762C0F1A0821DF005DC3AA /* locationReminderApp */ = {
			isa = PBXGroup;
			children = (
				70762C121A0821DF005DC3AA /* AppDelegate.swift */,
				70762C171A0821DF005DC3AA /* ViewController.swift */,
				70762C371A082D64005DC3AA /* AddReminderViewController.swift */,
				70762C191A0821DF005DC3AA /* Main.storyboard */,
				70762C1C1A0821DF005DC3AA /* Images.xcassets */,
				70762C1E1A0821DF005DC3AA /* LaunchScreen.xib */,
				70762C141A0821DF005DC3AA /* locationReminderApp.xcdatamodeld */,
				70EE47D91A098BBE007D7C3D /* Reminder.swift */,
				70762C101A0821DF005DC3AA /* Supporting Files */,
			);
			path = locationReminderApp;
			sourceTree = "<group>";
		};
		70762C101A0821DF005DC3AA /* Supporting Files */ = {
			isa = PBXGroup;
			children = (
				70762C111A0821DF005DC3AA /* Info.plist */,
			);
			name = "Supporting Files";
			sourceTree = "<group>";
		};
		70762C281A0821DF005DC3AA /* locationReminderAppTests */ = {
			isa = PBXGroup;
			children = (
				70762C2B1A0821DF005DC3AA /* locationReminderAppTests.swift */,
				70762C291A0821DF005DC3AA /* Supporting Files */,
			);
			path = locationReminderAppTests;
			sourceTree = "<group>";
		};
		70762C291A0821DF005DC3AA /* Supporting Files */ = {
			isa = PBXGroup;
			children = (
				70762C2A1A0821DF005DC3AA /* Info.plist */,
			);
			name = "Supporting Files";
			sourceTree = "<group>";
		};
/* End PBXGroup section */

/* Begin PBXNativeTarget section */
		70762C0C1A0821DF005DC3AA /* locationReminderApp */ = {
			isa = PBXNativeTarget;
			buildConfigurationList = 70762C2F1A0821DF005DC3AA /* Build configuration list for PBXNativeTarget "locationReminderApp" */;
			buildPhases = (
				70762C091A0821DF005DC3AA /* Sources */,
				70762C0A1A0821DF005DC3AA /* Frameworks */,
				70762C0B1A0821DF005DC3AA /* Resources */,
			);
			buildRules = (
			);
			dependencies = (
			);
			name = locationReminderApp;
			productName = locationReminderApp;
			productReference = 70762C0D1A0821DF005DC3AA /* locationReminderApp.app */;
			productType = "com.apple.product-type.application";
		};
		70762C241A0821DF005DC3AA /* locationReminderAppTests */ = {
			isa = PBXNativeTarget;
			buildConfigurationList = 70762C321A0821DF005DC3AA /* Build configuration list for PBXNativeTarget "locationReminderAppTests" */;
			buildPhases = (
				70762C211A0821DF005DC3AA /* Sources */,
				70762C221A0821DF005DC3AA /* Frameworks */,
				70762C231A0821DF005DC3AA /* Resources */,
			);
			buildRules = (
			);
			dependencies = (
				70762C271A0821DF005DC3AA /* PBXTargetDependency */,
			);
			name = locationReminderAppTests;
			productName = locationReminderAppTests;
			productReference = 70762C251A0821DF005DC3AA /* locationReminderAppTests.xctest */;
			productType = "com.apple.product-type.bundle.unit-test";
		};
/* End PBXNativeTarget section */

/* Begin PBXProject section */
		70762C051A0821DF005DC3AA /* Project object */ = {
			isa = PBXProject;
			attributes = {
				LastUpgradeCheck = 0610;
				ORGANIZATIONNAME = Randall;
				TargetAttributes = {
					70762C0C1A0821DF005DC3AA = {
						CreatedOnToolsVersion = 6.1;
						SystemCapabilities = {
							com.apple.Maps.iOS = {
								enabled = 1;
							};
						};
					};
					70762C241A0821DF005DC3AA = {
						CreatedOnToolsVersion = 6.1;
						TestTargetID = 70762C0C1A0821DF005DC3AA;
					};
				};
			};
			buildConfigurationList = 70762C081A0821DF005DC3AA /* Build configuration list for PBXProject "locationReminderApp" */;
			compatibilityVersion = "Xcode 3.2";
			developmentRegion = English;
			hasScannedForEncodings = 0;
			knownRegions = (
				en,
				Base,
			);
			mainGroup = 70762C041A0821DF005DC3AA;
			productRefGroup = 70762C0E1A0821DF005DC3AA /* Products */;
			projectDirPath = "";
			projectRoot = "";
			targets = (
				70762C0C1A0821DF005DC3AA /* locationReminderApp */,
				70762C241A0821DF005DC3AA /* locationReminderAppTests */,
			);
		};
/* End PBXProject section */

/* Begin PBXResourcesBuildPhase section */
		70762C0B1A0821DF005DC3AA /* Resources */ = {
			isa = PBXResourcesBuildPhase;
			buildActionMask = 2147483647;
			files = (
				70762C1B1A0821DF005DC3AA /* Main.storyboard in Resources */,
				70762C201A0821DF005DC3AA /* LaunchScreen.xib in Resources */,
				70762C1D1A0821DF005DC3AA /* Images.xcassets in Resources */,
			);
			runOnlyForDeploymentPostprocessing = 0;
		};
		70762C231A0821DF005DC3AA /* Resources */ = {
			isa = PBXResourcesBuildPhase;
			buildActionMask = 2147483647;
			files = (
			);
			runOnlyForDeploymentPostprocessing = 0;
		};
/* End PBXResourcesBuildPhase section */

/* Begin PBXSourcesBuildPhase section */
		70762C091A0821DF005DC3AA /* Sources */ = {
			isa = PBXSourcesBuildPhase;
			buildActionMask = 2147483647;
			files = (
				70762C381A082D64005DC3AA /* AddReminderViewController.swift in Sources */,
				70762C181A0821DF005DC3AA /* ViewController.swift in Sources */,
				70EE47DA1A098BBE007D7C3D /* Reminder.swift in Sources */,
				70762C161A0821DF005DC3AA /* locationReminderApp.xcdatamodeld in Sources */,
				70762C131A0821DF005DC3AA /* AppDelegate.swift in Sources */,
			);
			runOnlyForDeploymentPostprocessing = 0;
		};
		70762C211A0821DF005DC3AA /* Sources */ = {
			isa = PBXSourcesBuildPhase;
			buildActionMask = 2147483647;
			files = (
				70762C2C1A0821DF005DC3AA /* locationReminderAppTests.swift in Sources */,
			);
			runOnlyForDeploymentPostprocessing = 0;
		};
/* End PBXSourcesBuildPhase section */

/* Begin PBXTargetDependency section */
		70762C271A0821DF005DC3AA /* PBXTargetDependency */ = {
			isa = PBXTargetDependency;
			target = 70762C0C1A0821DF005DC3AA /* locationReminderApp */;
			targetProxy = 70762C261A0821DF005DC3AA /* PBXContainerItemProxy */;
		};
/* End PBXTargetDependency section */

/* Begin PBXVariantGroup section */
		70762C191A0821DF005DC3AA /* Main.storyboard */ = {
			isa = PBXVariantGroup;
			children = (
				70762C1A1A0821DF005DC3AA /* Base */,
			);
			name = Main.storyboard;
			sourceTree = "<group>";
		};
		70762C1E1A0821DF005DC3AA /* LaunchScreen.xib */ = {
			isa = PBXVariantGroup;
			children = (
				70762C1F1A0821DF005DC3AA /* Base */,
			);
			name = LaunchScreen.xib;
			sourceTree = "<group>";
		};
/* End PBXVariantGroup section */

/* Begin XCBuildConfiguration section */
		70762C2D1A0821DF005DC3AA /* Debug */ = {
			isa = XCBuildConfiguration;
			buildSettings = {
				ALWAYS_SEARCH_USER_PATHS = NO;
				CLANG_CXX_LANGUAGE_STANDARD = "gnu++0x";
				CLANG_CXX_LIBRARY = "libc++";
				CLANG_ENABLE_MODULES = YES;
				CLANG_ENABLE_OBJC_ARC = YES;
				CLANG_WARN_BOOL_CONVERSION = YES;
				CLANG_WARN_CONSTANT_CONVERSION = YES;
				CLANG_WARN_DIRECT_OBJC_ISA_USAGE = YES_ERROR;
				CLANG_WARN_EMPTY_BODY = YES;
				CLANG_WARN_ENUM_CONVERSION = YES;
				CLANG_WARN_INT_CONVERSION = YES;
				CLANG_WARN_OBJC_ROOT_CLASS = YES_ERROR;
				CLANG_WARN_UNREACHABLE_CODE = YES;
				CLANG_WARN__DUPLICATE_METHOD_MATCH = YES;
				"CODE_SIGN_IDENTITY[sdk=iphoneos*]" = "iPhone Developer";
				COPY_PHASE_STRIP = NO;
				ENABLE_STRICT_OBJC_MSGSEND = YES;
				GCC_C_LANGUAGE_STANDARD = gnu99;
				GCC_DYNAMIC_NO_PIC = NO;
				GCC_OPTIMIZATION_LEVEL = 0;
				GCC_PREPROCESSOR_DEFINITIONS = (
					"DEBUG=1",
					"$(inherited)",
				);
				GCC_SYMBOLS_PRIVATE_EXTERN = NO;
				GCC_WARN_64_TO_32_BIT_CONVERSION = YES;
				GCC_WARN_ABOUT_RETURN_TYPE = YES_ERROR;
				GCC_WARN_UNDECLARED_SELECTOR = YES;
				GCC_WARN_UNINITIALIZED_AUTOS = YES_AGGRESSIVE;
				GCC_WARN_UNUSED_FUNCTION = YES;
				GCC_WARN_UNUSED_VARIABLE = YES;
				IPHONEOS_DEPLOYMENT_TARGET = 8.1;
				MTL_ENABLE_DEBUG_INFO = YES;
				ONLY_ACTIVE_ARCH = YES;
				SDKROOT = iphoneos;
				SWIFT_OPTIMIZATION_LEVEL = "-Onone";
				TARGETED_DEVICE_FAMILY = "1,2";
			};
			name = Debug;
		};
		70762C2E1A0821DF005DC3AA /* Release */ = {
			isa = XCBuildConfiguration;
			buildSettings = {
				ALWAYS_SEARCH_USER_PATHS = NO;
				CLANG_CXX_LANGUAGE_STANDARD = "gnu++0x";
				CLANG_CXX_LIBRARY = "libc++";
				CLANG_ENABLE_MODULES = YES;
				CLANG_ENABLE_OBJC_ARC = YES;
				CLANG_WARN_BOOL_CONVERSION = YES;
				CLANG_WARN_CONSTANT_CONVERSION = YES;
				CLANG_WARN_DIRECT_OBJC_ISA_USAGE = YES_ERROR;
				CLANG_WARN_EMPTY_BODY = YES;
				CLANG_WARN_ENUM_CONVERSION = YES;
				CLANG_WARN_INT_CONVERSION = YES;
				CLANG_WARN_OBJC_ROOT_CLASS = YES_ERROR;
				CLANG_WARN_UNREACHABLE_CODE = YES;
				CLANG_WARN__DUPLICATE_METHOD_MATCH = YES;
				"CODE_SIGN_IDENTITY[sdk=iphoneos*]" = "iPhone Developer";
				COPY_PHASE_STRIP = YES;
				ENABLE_NS_ASSERTIONS = NO;
				ENABLE_STRICT_OBJC_MSGSEND = YES;
				GCC_C_LANGUAGE_STANDARD = gnu99;
				GCC_WARN_64_TO_32_BIT_CONVERSION = YES;
				GCC_WARN_ABOUT_RETURN_TYPE = YES_ERROR;
				GCC_WARN_UNDECLARED_SELECTOR = YES;
				GCC_WARN_UNINITIALIZED_AUTOS = YES_AGGRESSIVE;
				GCC_WARN_UNUSED_FUNCTION = YES;
				GCC_WARN_UNUSED_VARIABLE = YES;
				IPHONEOS_DEPLOYMENT_TARGET = 8.1;
				MTL_ENABLE_DEBUG_INFO = NO;
				SDKROOT = iphoneos;
				TARGETED_DEVICE_FAMILY = "1,2";
				VALIDATE_PRODUCT = YES;
			};
			name = Release;
		};
		70762C301A0821DF005DC3AA /* Debug */ = {
			isa = XCBuildConfiguration;
			buildSettings = {
				ASSETCATALOG_COMPILER_APPICON_NAME = AppIcon;
				INFOPLIST_FILE = locationReminderApp/Info.plist;
				LD_RUNPATH_SEARCH_PATHS = "$(inherited) @executable_path/Frameworks";
				PRODUCT_NAME = "$(TARGET_NAME)";
			};
			name = Debug;
		};
		70762C311A0821DF005DC3AA /* Release */ = {
			isa = XCBuildConfiguration;
			buildSettings = {
				ASSETCATALOG_COMPILER_APPICON_NAME = AppIcon;
				INFOPLIST_FILE = locationReminderApp/Info.plist;
				LD_RUNPATH_SEARCH_PATHS = "$(inherited) @executable_path/Frameworks";
				PRODUCT_NAME = "$(TARGET_NAME)";
			};
			name = Release;
		};
		70762C331A0821DF005DC3AA /* Debug */ = {
			isa = XCBuildConfiguration;
			buildSettings = {
				BUNDLE_LOADER = "$(TEST_HOST)";
				FRAMEWORK_SEARCH_PATHS = (
					"$(SDKROOT)/Developer/Library/Frameworks",
					"$(inherited)",
				);
				GCC_PREPROCESSOR_DEFINITIONS = (
					"DEBUG=1",
					"$(inherited)",
				);
				INFOPLIST_FILE = locationReminderAppTests/Info.plist;
				LD_RUNPATH_SEARCH_PATHS = "$(inherited) @executable_path/Frameworks @loader_path/Frameworks";
				PRODUCT_NAME = "$(TARGET_NAME)";
				TEST_HOST = "$(BUILT_PRODUCTS_DIR)/locationReminderApp.app/locationReminderApp";
			};
			name = Debug;
		};
		70762C341A0821DF005DC3AA /* Release */ = {
			isa = XCBuildConfiguration;
			buildSettings = {
				BUNDLE_LOADER = "$(TEST_HOST)";
				FRAMEWORK_SEARCH_PATHS = (
					"$(SDKROOT)/Developer/Library/Frameworks",
					"$(inherited)",
				);
				INFOPLIST_FILE = locationReminderAppTests/Info.plist;
				LD_RUNPATH_SEARCH_PATHS = "$(inherited) @executable_path/Frameworks @loader_path/Frameworks";
				PRODUCT_NAME = "$(TARGET_NAME)";
				TEST_HOST = "$(BUILT_PRODUCTS_DIR)/locationReminderApp.app/locationReminderApp";
			};
			name = Release;
		};
/* End XCBuildConfiguration section */

/* Begin XCConfigurationList section */
		70762C081A0821DF005DC3AA /* Build configuration list for PBXProject "locationReminderApp" */ = {
			isa = XCConfigurationList;
			buildConfigurations = (
				70762C2D1A0821DF005DC3AA /* Debug */,
				70762C2E1A0821DF005DC3AA /* Release */,
			);
			defaultConfigurationIsVisible = 0;
			defaultConfigurationName = Release;
		};
		70762C2F1A0821DF005DC3AA /* Build configuration list for PBXNativeTarget "locationReminderApp" */ = {
			isa = XCConfigurationList;
			buildConfigurations = (
				70762C301A0821DF005DC3AA /* Debug */,
				70762C311A0821DF005DC3AA /* Release */,
			);
			defaultConfigurationIsVisible = 0;
			defaultConfigurationName = Release;
		};
		70762C321A0821DF005DC3AA /* Build configuration list for PBXNativeTarget "locationReminderAppTests" */ = {
			isa = XCConfigurationList;
			buildConfigurations = (
				70762C331A0821DF005DC3AA /* Debug */,
				70762C341A0821DF005DC3AA /* Release */,
			);
			defaultConfigurationIsVisible = 0;
			defaultConfigurationName = Release;
		};
/* End XCConfigurationList section */

/* Begin XCVersionGroup section */
		70762C141A0821DF005DC3AA /* locationReminderApp.xcdatamodeld */ = {
			isa = XCVersionGroup;
			children = (
				70762C151A0821DF005DC3AA /* locationReminderApp.xcdatamodel */,
			);
			currentVersion = 70762C151A0821DF005DC3AA /* locationReminderApp.xcdatamodel */;
			path = locationReminderApp.xcdatamodeld;
			sourceTree = "<group>";
			versionGroupType = wrapper.xcdatamodel;
		};
/* End XCVersionGroup section */
	};
	rootObject = 70762C051A0821DF005DC3AA /* Project object */;
}
